
Microsoft Visual Studio Solution File, Format Version 12.00
# Visual Studio Version 17
VisualStudioVersion = 17.4.33122.133
MinimumVisualStudioVersion = 10.0.40219.1
Project("{FAE04EC0-301F-11D3-BF4B-00C04F79EFBC}") = "HackerRank", "HackerRank.csproj", "{8477A7D3-B8DE-476D-B3C2-9A9DA632D5FF}"
EndProject
Global
	GlobalSection(SolutionConfigurationPlatforms) = preSolution
		Debug|Any CPU = Debug|Any CPU
		Release|Any CPU = Release|Any CPU
	EndGlobalSection
	GlobalSection(ProjectConfigurationPlatforms) = postSolution
		{8477A7D3-B8DE-476D-B3C2-9A9DA632D5FF}.Debug|Any CPU.ActiveCfg = Debug|Any CPU
		{8477A7D3-B8DE-476D-B3C2-9A9DA632D5FF}.Debug|Any CPU.Build.0 = Debug|Any CPU
		{8477A7D3-B8DE-476D-B3C2-9A9DA632D5FF}.Release|Any CPU.ActiveCfg = Release|Any CPU
		{8477A7D3-B8DE-476D-B3C2-9A9DA632D5FF}.Release|Any CPU.Build.0 = Release|Any CPU
	EndGlobalSection
	GlobalSection(SolutionProperties) = preSolution
		HideSolutionNode = FALSE
	EndGlobalSection
	GlobalSection(ExtensibilityGlobals) = postSolution
		SolutionGuid = {82D93EBF-C7CA-4CC5-9886-22BEEC81743A}
	EndGlobalSection
EndGlobal
